# THIS IS AN AUTOGENERATED FILE. DO NOT EDIT THIS FILE DIRECTLY.
# yarn lockfile v1


vue-cookies@^1.5.7:
  version "1.5.7"
  resolved "https://registry.yarnpkg.com/vue-cookies/-/vue-cookies-1.5.7.tgz#44b3940b0cbb853ba3f7848f1905cb127ec45eb4"
  integrity sha512-XAZDLIrTM7M8CaPAdUaAybQeFfRmyTAYOjAnKHe7BY9w0hJs9hpNZS41mk9Z+ElMUad5RvyAP4MIJbSoNf50Eg==
